<?xml version="1.0" encoding="utf-8"?>
<Project ToolsVersion="4.0" xmlns="http://schemas.microsoft.com/developer/msbuild/2003">
  <ItemGroup>
    <Filter Include="Source Files">
      <UniqueIdentifier>{d3ccdcd2-553d-4894-ad67-c4221fa64c96}</UniqueIdentifier>
      <Extensions>cpp;c;cxx;rc;def;r;odl;idl;hpj;bat</Extensions>
    </Filter>
    <Filter Include="Header Files">
      <UniqueIdentifier>{764cdc82-ae03-483f-a5c3-b1ce65062650}</UniqueIdentifier>
      <Extensions>h;hpp;hxx;hm;inl</Extensions>
    </Filter>
    <Filter Include="Resource Files">
      <UniqueIdentifier>{a41d6f1f-c3c0-4fcc-8965-2c2fc7c689c5}</UniqueIdentifier>
      <Extensions>ico;cur;bmp;dlg;rc2;rct;bin;rgs;gif;jpg;jpeg;jpe</Extensions>
    </Filter>
  </ItemGroup>
  <ItemGroup>
    <ClCompile Include="mediaplayer.c">
      <Filter>Source Files</Filter>
    </ClCompile>
    <ClCompile Include="AEEAppGen.c">
      <Filter>Source Files</Filter>
    </ClCompile>
    <ClCompile Include="AEEMediaUtil.c">
      <Filter>Source Files</Filter>
    </ClCompile>
    <ClCompile Include="AEEModGen.c">
      <Filter>Source Files</Filter>
    </ClCompile>
  </ItemGroup>
  <ItemGroup>
    <ClInclude Include="..\..\inc\AEEAppGen.h">
      <Filter>Header Files</Filter>
    </ClInclude>
    <ClInclude Include="..\..\inc\AEEMediaUtil.h">
      <Filter>Header Files</Filter>
    </ClInclude>
    <ClInclude Include="..\..\inc\AEEModGen.h">
      <Filter>Header Files</Filter>
    </ClInclude>
    <ClInclude Include="mediaplayer_res.h">
      <Filter>Header Files</Filter>
    </ClInclude>
  </ItemGroup>
  <ItemGroup>
    <None Include="mediaplayer.bid">
      <Filter>Header Files</Filter>
    </None>
  </ItemGroup>
</Project>